
Microsoft Visual Studio Solution File, Format Version 12.00
# Visual Studio Version 16
VisualStudioVersion = 16.0.30717.126
MinimumVisualStudioVersion = 10.0.40219.1
Project("{8BC9CEB8-8B4A-11D0-8D11-00A0C91BC942}") = "Project2", "Project2\Project2.vcxproj", "{222E503C-F028-4373-8FF3-D51F27688563}"
EndProject
Global
	GlobalSection(SolutionConfigurationPlatforms) = preSolution
		Debug|x64 = Debug|x64
		Debug|x86 = Debug|x86
		Release|x64 = Release|x64
		Release|x86 = Release|x86
	EndGlobalSection
	GlobalSection(ProjectConfigurationPlatforms) = postSolution
		{222E503C-F028-4373-8FF3-D51F27688563}.Debug|x64.ActiveCfg = Debug|x64
		{222E503C-F028-4373-8FF3-D51F27688563}.Debug|x64.Build.0 = Debug|x64
		{222E503C-F028-4373-8FF3-D51F27688563}.Debug|x86.ActiveCfg = Debug|Win32
		{222E503C-F028-4373-8FF3-D51F27688563}.Debug|x86.Build.0 = Debug|Win32
		{222E503C-F028-4373-8FF3-D51F27688563}.Release|x64.ActiveCfg = Release|x64
		{222E503C-F028-4373-8FF3-D51F27688563}.Release|x64.Build.0 = Release|x64
		{222E503C-F028-4373-8FF3-D51F27688563}.Release|x86.ActiveCfg = Release|Win32
		{222E503C-F028-4373-8FF3-D51F27688563}.Release|x86.Build.0 = Release|Win32
	EndGlobalSection
	GlobalSection(SolutionProperties) = preSolution
		HideSolutionNode = FALSE
	EndGlobalSection
	GlobalSection(ExtensibilityGlobals) = postSolution
		SolutionGuid = {B8BDBD23-3368-4C0F-9529-00F10262093A}
	EndGlobalSection
EndGlobal
